
Microsoft Visual Studio Solution File, Format Version 12.00
Project("{FAE04EC0-301F-11D3-BF4B-00C04F79EFBC}") = "complete-c-sharp-masterclass", "complete-c-sharp-masterclass\complete-c-sharp-masterclass.csproj", "{B86403D5-79BD-43C4-AD72-934F2EAF283F}"
EndProject
Project("{2150E333-8FDC-42A3-9474-1A3956D46DE8}") = "section5-OOP", "section5-OOP", "{94B04584-7AC4-4677-AEB8-07DD75D3BDAF}"
EndProject
Project("{FAE04EC0-301F-11D3-BF4B-00C04F79EFBC}") = "_118_static_methods", "_118_static_methods\_118_static_methods.csproj", "{B2670491-3C19-473C-85F7-938990B46C66}"
EndProject
Global
	GlobalSection(SolutionConfigurationPlatforms) = preSolution
		Debug|Any CPU = Debug|Any CPU
		Release|Any CPU = Release|Any CPU
	EndGlobalSection
	GlobalSection(ProjectConfigurationPlatforms) = postSolution
		{B86403D5-79BD-43C4-AD72-934F2EAF283F}.Debug|Any CPU.ActiveCfg = Debug|Any CPU
		{B86403D5-79BD-43C4-AD72-934F2EAF283F}.Debug|Any CPU.Build.0 = Debug|Any CPU
		{B86403D5-79BD-43C4-AD72-934F2EAF283F}.Release|Any CPU.ActiveCfg = Release|Any CPU
		{B86403D5-79BD-43C4-AD72-934F2EAF283F}.Release|Any CPU.Build.0 = Release|Any CPU
		{B2670491-3C19-473C-85F7-938990B46C66}.Debug|Any CPU.ActiveCfg = Debug|Any CPU
		{B2670491-3C19-473C-85F7-938990B46C66}.Debug|Any CPU.Build.0 = Debug|Any CPU
		{B2670491-3C19-473C-85F7-938990B46C66}.Release|Any CPU.ActiveCfg = Release|Any CPU
		{B2670491-3C19-473C-85F7-938990B46C66}.Release|Any CPU.Build.0 = Release|Any CPU
	EndGlobalSection
	GlobalSection(NestedProjects) = preSolution
		{B2670491-3C19-473C-85F7-938990B46C66} = {94B04584-7AC4-4677-AEB8-07DD75D3BDAF}
	EndGlobalSection
EndGlobal
